
Microsoft Visual Studio Solution File, Format Version 12.00
# Visual Studio Version 16
VisualStudioVersion = 16.0.30011.22
MinimumVisualStudioVersion = 10.0.40219.1
Project("{FAE04EC0-301F-11D3-BF4B-00C04F79EFBC}") = "FaceApp", "FaceApp\FaceApp.csproj", "{C3B495DE-AFFC-4F1A-BA6B-42C553330798}"
EndProject
Global
	GlobalSection(SolutionConfigurationPlatforms) = preSolution
		Debug|Any CPU = Debug|Any CPU
		Release|Any CPU = Release|Any CPU
	EndGlobalSection
	GlobalSection(ProjectConfigurationPlatforms) = postSolution
		{C3B495DE-AFFC-4F1A-BA6B-42C553330798}.Debug|Any CPU.ActiveCfg = Debug|Any CPU
		{C3B495DE-AFFC-4F1A-BA6B-42C553330798}.Debug|Any CPU.Build.0 = Debug|Any CPU
		{C3B495DE-AFFC-4F1A-BA6B-42C553330798}.Release|Any CPU.ActiveCfg = Release|Any CPU
		{C3B495DE-AFFC-4F1A-BA6B-42C553330798}.Release|Any CPU.Build.0 = Release|Any CPU
	EndGlobalSection
	GlobalSection(SolutionProperties) = preSolution
		HideSolutionNode = FALSE
	EndGlobalSection
	GlobalSection(ExtensibilityGlobals) = postSolution
		SolutionGuid = {71807E0B-1BD9-4F88-8457-1FE5B63CE821}
	EndGlobalSection
EndGlobal
